
Microsoft Visual Studio Solution File, Format Version 12.00
# Visual Studio Version 17
VisualStudioVersion = 17.5.002.0
MinimumVisualStudioVersion = 10.0.40219.1
Project("{9A19103F-16F7-4668-BE54-9A1E7A4F7556}") = "DemoApi", "DemoApi.csproj", "{04B85618-5B93-4040-8805-0EC158D33E6D}"
EndProject
Global
	GlobalSection(SolutionConfigurationPlatforms) = preSolution
		Debug|Any CPU = Debug|Any CPU
		Release|Any CPU = Release|Any CPU
	EndGlobalSection
	GlobalSection(ProjectConfigurationPlatforms) = postSolution
		{04B85618-5B93-4040-8805-0EC158D33E6D}.Debug|Any CPU.ActiveCfg = Debug|Any CPU
		{04B85618-5B93-4040-8805-0EC158D33E6D}.Debug|Any CPU.Build.0 = Debug|Any CPU
		{04B85618-5B93-4040-8805-0EC158D33E6D}.Release|Any CPU.ActiveCfg = Release|Any CPU
		{04B85618-5B93-4040-8805-0EC158D33E6D}.Release|Any CPU.Build.0 = Release|Any CPU
	EndGlobalSection
	GlobalSection(SolutionProperties) = preSolution
		HideSolutionNode = FALSE
	EndGlobalSection
	GlobalSection(ExtensibilityGlobals) = postSolution
		SolutionGuid = {ADB97820-682A-4B5D-86C6-773E87B0F6F8}
	EndGlobalSection
EndGlobal
